lockfileVersion: 5.3

specifiers:
  '@babel/types': 7.17.0
  '@vitejs/plugin-vue': 2.3.1
  rusty-vue-compiler: file:../crates/wasm/pkg/
  typescript: 4.6.3
  vite: 2.9.4
  vue: 3.2.32
  vue-tsc: 0.34.6

dependencies:
  vue: 3.2.32

optionalDependencies:
  rusty-vue-compiler: link:../crates/wasm/pkg

devDependencies:
  '@babel/types': 7.17.0
  '@vitejs/plugin-vue': 2.3.1_vite@2.9.4+vue@3.2.32
  typescript: 4.6.3
  vite: 2.9.4
  vue-tsc: 0.34.6_typescript@4.6.3

packages:

  /@babel/helper-validator-identifier/7.16.7:
    resolution: {integrity: sha512-hsEnFemeiW4D08A5gUAZxLBTXpZ39P+a+DGDsHw1yxqyQ/jzFEnxf5uTEGp+3bzAbNOxU1paTgYS4ECU/IgfDw==}
    engines: {node: '>=6.9.0'}
    dev: true

  /@babel/parser/7.16.4:
    resolution: {integrity: sha512-6V0qdPUaiVHH3RtZeLIsc+6pDhbYzHR8ogA8w+f+Wc77DuXto19g2QUwveINoS34Uw+W8/hQDGJCx+i4n7xcng==}
    engines: {node: '>=6.0.0'}
    hasBin: true

  /@babel/types/7.17.0:
    resolution: {integrity: sha512-TmKSNO4D5rzhL5bjWFcVHHLETzfQ/AmbKpKPOSjlP0WoHZ6L911fgoOKY4Alp/emzG4cHJdyN49zpgkbXFEHHw==}
    engines: {node: '>=6.9.0'}
    dependencies:
      '@babel/helper-validator-identifier': 7.16.7
      to-fast-properties: 2.0.0
    dev: true

  /@vitejs/plugin-vue/2.3.1_vite@2.9.4+vue@3.2.32:
    resolution: {integrity: sha512-YNzBt8+jt6bSwpt7LP890U1UcTOIZZxfpE5WOJ638PNxSEKOqAi0+FSKS0nVeukfdZ0Ai/H7AFd6k3hayfGZqQ==}
    engines: {node: '>=12.0.0'}
    peerDependencies:
      vite: ^2.5.10
      vue: ^3.2.25
    dependencies:
      vite: 2.9.4
      vue: 3.2.32
    dev: true

  /@volar/code-gen/0.34.6:
    resolution: {integrity: sha512-sFgiaN3F+Sy93uVDtnZxfhEdy15ERSZ9qHY9wny4oQHztxS0pscrIGOQcvSoaK3pcyR8xGTouXkNf0BsOUwuXA==}
    dependencies:
      '@volar/source-map': 0.34.6
    dev: true

  /@volar/source-map/0.34.6:
    resolution: {integrity: sha512-TIAxtvFIANh0PfQFY7dT/f2MIvpNRzJ7xrvlqwl1oYt7sa8AIposBFGS873s4avOuz15AoubKU7uZnVLYJ5AWg==}
    dev: true

  /@volar/vue-code-gen/0.34.6:
    resolution: {integrity: sha512-0wh5fhQsxY6GL/zrxabjY+lAsFsaUNWDl+45iVeuczGP9sU07lpHoCwHBHBqCK8kxbvAJZaa3Me66apoq5BEvw==}
    dependencies:
      '@volar/code-gen': 0.34.6
      '@volar/source-map': 0.34.6
      '@vue/compiler-core': 3.2.32
      '@vue/compiler-dom': 3.2.32
      '@vue/shared': 3.2.32
    dev: true

  /@volar/vue-typescript/0.34.6:
    resolution: {integrity: sha512-vKEYnDw9BhIMR6+Rp1Ue/8TpBjYNm4+3fIom4wMxFDlEOCku7fsF169QgZuDDvyPrFlurT878qjKYf88cYFCgA==}
    dependencies:
      '@volar/code-gen': 0.34.6
      '@volar/source-map': 0.34.6
      '@volar/vue-code-gen': 0.34.6
      '@vue/compiler-sfc': 3.2.32
      '@vue/reactivity': 3.2.32
    dev: true

  /@vue/compiler-core/3.2.32:
    resolution: {integrity: sha512-bRQ8Rkpm/aYFElDWtKkTPHeLnX5pEkNxhPUcqu5crEJIilZH0yeFu/qUAcV4VfSE2AudNPkQSOwMZofhnuutmA==}
    dependencies:
      '@babel/parser': 7.16.4
      '@vue/shared': 3.2.32
      estree-walker: 2.0.2
      source-map: 0.6.1

  /@vue/compiler-dom/3.2.32:
    resolution: {integrity: sha512-maa3PNB/NxR17h2hDQfcmS02o1f9r9QIpN1y6fe8tWPrS1E4+q8MqrvDDQNhYVPd84rc3ybtyumrgm9D5Rf/kg==}
    dependencies:
      '@vue/compiler-core': 3.2.32
      '@vue/shared': 3.2.32

  /@vue/compiler-sfc/3.2.32:
    resolution: {integrity: sha512-uO6+Gh3AVdWm72lRRCjMr8nMOEqc6ezT9lWs5dPzh1E9TNaJkMYPaRtdY9flUv/fyVQotkfjY/ponjfR+trPSg==}
    dependencies:
      '@babel/parser': 7.16.4
      '@vue/compiler-core': 3.2.32
      '@vue/compiler-dom': 3.2.32
      '@vue/compiler-ssr': 3.2.32
      '@vue/reactivity-transform': 3.2.32
      '@vue/shared': 3.2.32
      estree-walker: 2.0.2
      magic-string: 0.25.7
      postcss: 8.4.12
      source-map: 0.6.1

  /@vue/compiler-ssr/3.2.32:
    resolution: {integrity: sha512-ZklVUF/SgTx6yrDUkaTaBL/JMVOtSocP+z5Xz/qIqqLdW/hWL90P+ob/jOQ0Xc/om57892Q7sRSrex0wujOL2Q==}
    dependencies:
      '@vue/compiler-dom': 3.2.32
      '@vue/shared': 3.2.32

  /@vue/reactivity-transform/3.2.32:
    resolution: {integrity: sha512-CW1W9zaJtE275tZSWIfQKiPG0iHpdtSlmTqYBu7Y62qvtMgKG5yOxtvBs4RlrZHlaqFSE26avLAgQiTp4YHozw==}
    dependencies:
      '@babel/parser': 7.16.4
      '@vue/compiler-core': 3.2.32
      '@vue/shared': 3.2.32
      estree-walker: 2.0.2
      magic-string: 0.25.7

  /@vue/reactivity/3.2.32:
    resolution: {integrity: sha512-4zaDumuyDqkuhbb63hRd+YHFGopW7srFIWesLUQ2su/rJfWrSq3YUvoKAJE8Eu1EhZ2Q4c1NuwnEreKj1FkDxA==}
    dependencies:
      '@vue/shared': 3.2.32

  /@vue/runtime-core/3.2.32:
    resolution: {integrity: sha512-uKKzK6LaCnbCJ7rcHvsK0azHLGpqs+Vi9B28CV1mfWVq1F3Bj8Okk3cX+5DtD06aUh4V2bYhS2UjjWiUUKUF0w==}
    dependencies:
      '@vue/reactivity': 3.2.32
      '@vue/shared': 3.2.32
    dev: false

  /@vue/runtime-dom/3.2.32:
    resolution: {integrity: sha512-AmlIg+GPqjkNoADLjHojEX5RGcAg+TsgXOOcUrtDHwKvA8mO26EnLQLB8nylDjU6AMJh2CIYn8NEgyOV5ZIScQ==}
    dependencies:
      '@vue/runtime-core': 3.2.32
      '@vue/shared': 3.2.32
      csstype: 2.6.18
    dev: false

  /@vue/server-renderer/3.2.32_vue@3.2.32:
    resolution: {integrity: sha512-TYKpZZfRJpGTTiy/s6bVYwQJpAUx3G03z4G7/3O18M11oacrMTVHaHjiPuPqf3xQtY8R4LKmQ3EOT/DRCA/7Wg==}
    peerDependencies:
      vue: 3.2.32
    dependencies:
      '@vue/compiler-ssr': 3.2.32
      '@vue/shared': 3.2.32
      vue: 3.2.32
    dev: false

  /@vue/shared/3.2.32:
    resolution: {integrity: sha512-bjcixPErUsAnTQRQX4Z5IQnICYjIfNCyCl8p29v1M6kfVzvwOICPw+dz48nNuWlTOOx2RHhzHdazJibE8GSnsw==}

  /csstype/2.6.18:
    resolution: {integrity: sha512-RSU6Hyeg14am3Ah4VZEmeX8H7kLwEEirXe6aU2IPfKNvhXwTflK5HQRDNI0ypQXoqmm+QPyG2IaPuQE5zMwSIQ==}
    dev: false

  /esbuild-android-64/0.14.29:
    resolution: {integrity: sha512-tJuaN33SVZyiHxRaVTo1pwW+rn3qetJX/SRuc/83rrKYtyZG0XfsQ1ao1nEudIt9w37ZSNXR236xEfm2C43sbw==}
    engines: {node: '>=12'}
    cpu: [x64]
    os: [android]
    requiresBuild: true
    dev: true
    optional: true

  /esbuild-android-arm64/0.14.29:
    resolution: {integrity: sha512-D74dCv6yYnMTlofVy1JKiLM5JdVSQd60/rQfJSDP9qvRAI0laPXIG/IXY1RG6jobmFMUfL38PbFnCqyI/6fPXg==}
    engines: {node: '>=12'}
    cpu: [arm64]
    os: [android]
    requiresBuild: true
    dev: true
    optional: true

  /esbuild-darwin-64/0.14.29:
    resolution: {integrity: sha512-+CJaRvfTkzs9t+CjGa0Oa28WoXa7EeLutQhxus+fFcu0MHhsBhlmeWHac3Cc/Sf/xPi1b2ccDFfzGYJCfV0RrA==}
    engines: {node: '>=12'}
    cpu: [x64]
    os: [darwin]
    requiresBuild: true
    dev: true
    optional: true

  /esbuild-darwin-arm64/0.14.29:
    resolution: {integrity: sha512-5Wgz/+zK+8X2ZW7vIbwoZ613Vfr4A8HmIs1XdzRmdC1kG0n5EG5fvKk/jUxhNlrYPx1gSY7XadQ3l4xAManPSw==}
    engines: {node: '>=12'}
    cpu: [arm64]
    os: [darwin]
    requiresBuild: true
    dev: true
    optional: true

  /esbuild-freebsd-64/0.14.29:
    resolution: {integrity: sha512-VTfS7Bm9QA12JK1YXF8+WyYOfvD7WMpbArtDj6bGJ5Sy5xp01c/q70Arkn596aGcGj0TvQRplaaCIrfBG1Wdtg==}
    engines: {node: '>=12'}
    cpu: [x64]
    os: [freebsd]
    requiresBuild: true
    dev: true
    optional: true

  /esbuild-freebsd-arm64/0.14.29:
    resolution: {integrity: sha512-WP5L4ejwLWWvd3Fo2J5mlXvG3zQHaw5N1KxFGnUc4+2ZFZknP0ST63i0IQhpJLgEJwnQpXv2uZlU1iWZjFqEIg==}
    engines: {node: '>=12'}
    cpu: [arm64]
    os: [freebsd]
    requiresBuild: true
    dev: true
    optional: true

  /esbuild-linux-32/0.14.29:
    resolution: {integrity: sha512-4myeOvFmQBWdI2U1dEBe2DCSpaZyjdQtmjUY11Zu2eQg4ynqLb8Y5mNjNU9UN063aVsCYYfbs8jbken/PjyidA==}
    engines: {node: '>=12'}
    cpu: [ia32]
    os: [linux]
    requiresBuild: true
    dev: true
    optional: true

  /esbuild-linux-64/0.14.29:
    resolution: {integrity: sha512-iaEuLhssReAKE7HMwxwFJFn7D/EXEs43fFy5CJeA4DGmU6JHh0qVJD2p/UP46DvUXLRKXsXw0i+kv5TdJ1w5pg==}
    engines: {node: '>=12'}
    cpu: [x64]
    os: [linux]
    requiresBuild: true
    dev: true
    optional: true

  /esbuild-linux-arm/0.14.29:
    resolution: {integrity: sha512-OXa9D9QL1hwrAnYYAHt/cXAuSCmoSqYfTW/0CEY0LgJNyTxJKtqc5mlwjAZAvgyjmha0auS/sQ0bXfGf2wAokQ==}
    engines: {node: '>=12'}
    cpu: [arm]
    os: [linux]
    requiresBuild: true
    dev: true
    optional: true

  /esbuild-linux-arm64/0.14.29:
    resolution: {integrity: sha512-KYf7s8wDfUy+kjKymW3twyGT14OABjGHRkm9gPJ0z4BuvqljfOOUbq9qT3JYFnZJHOgkr29atT//hcdD0Pi7Mw==}
    engines: {node: '>=12'}
    cpu: [arm64]
    os: [linux]
    requiresBuild: true
    dev: true
    optional: true

  /esbuild-linux-mips64le/0.14.29:
    resolution: {integrity: sha512-05jPtWQMsZ1aMGfHOvnR5KrTvigPbU35BtuItSSWLI2sJu5VrM8Pr9Owym4wPvA4153DFcOJ1EPN/2ujcDt54g==}
    engines: {node: '>=12'}
    cpu: [mips64el]
    os: [linux]
    requiresBuild: true
    dev: true
    optional: true

  /esbuild-linux-ppc64le/0.14.29:
    resolution: {integrity: sha512-FYhBqn4Ir9xG+f6B5VIQVbRuM4S6qwy29dDNYFPoxLRnwTEKToIYIUESN1qHyUmIbfO0YB4phG2JDV2JDN9Kgw==}
    engines: {node: '>=12'}
    cpu: [ppc64]
    os: [linux]
    requiresBuild: true
    dev: true
    optional: true

  /esbuild-linux-riscv64/0.14.29:
    resolution: {integrity: sha512-eqZMqPehkb4nZcffnuOpXJQdGURGd6GXQ4ZsDHSWyIUaA+V4FpMBe+5zMPtXRD2N4BtyzVvnBko6K8IWWr36ew==}
    engines: {node: '>=12'}
    cpu: [riscv64]
    os: [linux]
    requiresBuild: true
    dev: true
    optional: true

  /esbuild-linux-s390x/0.14.29:
    resolution: {integrity: sha512-o7EYajF1rC/4ho7kpSG3gENVx0o2SsHm7cJ5fvewWB/TEczWU7teDgusGSujxCYcMottE3zqa423VTglNTYhjg==}
    engines: {node: '>=12'}
    cpu: [s390x]
    os: [linux]
    requiresBuild: true
    dev: true
    optional: true

  /esbuild-netbsd-64/0.14.29:
    resolution: {integrity: sha512-/esN6tb6OBSot6+JxgeOZeBk6P8V/WdR3GKBFeFpSqhgw4wx7xWUqPrdx4XNpBVO7X4Ipw9SAqgBrWHlXfddww==}
    engines: {node: '>=12'}
    cpu: [x64]
    os: [netbsd]
    requiresBuild: true
    dev: true
    optional: true

  /esbuild-openbsd-64/0.14.29:
    resolution: {integrity: sha512-jUTdDzhEKrD0pLpjmk0UxwlfNJNg/D50vdwhrVcW/D26Vg0hVbthMfb19PJMatzclbK7cmgk1Nu0eNS+abzoHw==}
    engines: {node: '>=12'}
    cpu: [x64]
    os: [openbsd]
    requiresBuild: true
    dev: true
    optional: true

  /esbuild-sunos-64/0.14.29:
    resolution: {integrity: sha512-EfhQN/XO+TBHTbkxwsxwA7EfiTHFe+MNDfxcf0nj97moCppD9JHPq48MLtOaDcuvrTYOcrMdJVeqmmeQ7doTcg==}
    engines: {node: '>=12'}
    cpu: [x64]
    os: [sunos]
    requiresBuild: true
    dev: true
    optional: true

  /esbuild-windows-32/0.14.29:
    resolution: {integrity: sha512-uoyb0YAJ6uWH4PYuYjfGNjvgLlb5t6b3zIaGmpWPOjgpr1Nb3SJtQiK4YCPGhONgfg2v6DcJgSbOteuKXhwqAw==}
    engines: {node: '>=12'}
    cpu: [ia32]
    os: [win32]
    requiresBuild: true
    dev: true
    optional: true

  /esbuild-windows-64/0.14.29:
    resolution: {integrity: sha512-X9cW/Wl95QjsH8WUyr3NqbmfdU72jCp71cH3pwPvI4CgBM2IeOUDdbt6oIGljPu2bf5eGDIo8K3Y3vvXCCTd8A==}
    engines: {node: '>=12'}
    cpu: [x64]
    os: [win32]
    requiresBuild: true
    dev: true
    optional: true

  /esbuild-windows-arm64/0.14.29:
    resolution: {integrity: sha512-+O/PI+68fbUZPpl3eXhqGHTGK7DjLcexNnyJqtLZXOFwoAjaXlS5UBCvVcR3o2va+AqZTj8o6URaz8D2K+yfQQ==}
    engines: {node: '>=12'}
    cpu: [arm64]
    os: [win32]
    requiresBuild: true
    dev: true
    optional: true

  /esbuild/0.14.29:
    resolution: {integrity: sha512-SQS8cO8xFEqevYlrHt6exIhK853Me4nZ4aMW6ieysInLa0FMAL+AKs87HYNRtR2YWRcEIqoXAHh+Ytt5/66qpg==}
    engines: {node: '>=12'}
    hasBin: true
    requiresBuild: true
    optionalDependencies:
      esbuild-android-64: 0.14.29
      esbuild-android-arm64: 0.14.29
      esbuild-darwin-64: 0.14.29
      esbuild-darwin-arm64: 0.14.29
      esbuild-freebsd-64: 0.14.29
      esbuild-freebsd-arm64: 0.14.29
      esbuild-linux-32: 0.14.29
      esbuild-linux-64: 0.14.29
      esbuild-linux-arm: 0.14.29
      esbuild-linux-arm64: 0.14.29
      esbuild-linux-mips64le: 0.14.29
      esbuild-linux-ppc64le: 0.14.29
      esbuild-linux-riscv64: 0.14.29
      esbuild-linux-s390x: 0.14.29
      esbuild-netbsd-64: 0.14.29
      esbuild-openbsd-64: 0.14.29
      esbuild-sunos-64: 0.14.29
      esbuild-windows-32: 0.14.29
      esbuild-windows-64: 0.14.29
      esbuild-windows-arm64: 0.14.29
    dev: true

  /estree-walker/2.0.2:
    resolution: {integrity: sha512-Rfkk/Mp/DL7JVje3u18FxFujQlTNR2q6QfMSMB7AvCBx91NGj/ba3kCfza0f6dVDbw7YlRf/nDrn7pQrCCyQ/w==}

  /fsevents/2.3.2:
    resolution: {integrity: sha512-xiqMQR4xAeHTuB9uWm+fFRcIOgKBMiOBP+eXiyT7jsgVCq1bkVygt00oASowB7EdtpOHaaPgKt812P9ab+DDKA==}
    engines: {node: ^8.16.0 || ^10.6.0 || >=11.0.0}
    os: [darwin]
    requiresBuild: true
    dev: true
    optional: true

  /function-bind/1.1.1:
    resolution: {integrity: sha512-yIovAzMX49sF8Yl58fSCWJ5svSLuaibPxXQJFLmBObTuCr0Mf1KiPopGM9NiFjiYBCbfaa2Fh6breQ6ANVTI0A==}
    dev: true

  /has/1.0.3:
    resolution: {integrity: sha512-f2dvO0VU6Oej7RkWJGrehjbzMAjFp5/VKPp5tTpWIV4JHHZK1/BxbFRtf/siA2SWTe09caDmVtYYzWEIbBS4zw==}
    engines: {node: '>= 0.4.0'}
    dependencies:
      function-bind: 1.1.1
    dev: true

  /is-core-module/2.8.1:
    resolution: {integrity: sha512-SdNCUs284hr40hFTFP6l0IfZ/RSrMXF3qgoRHd3/79unUTvrFO/JoXwkGm+5J/Oe3E/b5GsnG330uUNgRpu1PA==}
    dependencies:
      has: 1.0.3
    dev: true

  /magic-string/0.25.7:
    resolution: {integrity: sha512-4CrMT5DOHTDk4HYDlzmwu4FVCcIYI8gauveasrdCu2IKIFOJ3f0v/8MDGJCDL9oD2ppz/Av1b0Nj345H9M+XIA==}
    dependencies:
      sourcemap-codec: 1.4.8

  /nanoid/3.3.2:
    resolution: {integrity: sha512-CuHBogktKwpm5g2sRgv83jEy2ijFzBwMoYA60orPDR7ynsLijJDqgsi4RDGj3OJpy3Ieb+LYwiRmIOGyytgITA==}
    engines: {node: ^10 || ^12 || ^13.7 || ^14 || >=15.0.1}
    hasBin: true

  /path-parse/1.0.7:
    resolution: {integrity: sha512-LDJzPVEEEPR+y48z93A0Ed0yXb8pAByGWo/k5YYdYgpY2/2EsOsksJrq7lOHxryrVOn1ejG6oAp8ahvOIQD8sw==}
    dev: true

  /picocolors/1.0.0:
    resolution: {integrity: sha512-1fygroTLlHu66zi26VoTDv8yRgm0Fccecssto+MhsZ0D/DGW2sm8E8AjW7NU5VVTRt5GxbeZ5qBuJr+HyLYkjQ==}

  /postcss/8.4.12:
    resolution: {integrity: sha512-lg6eITwYe9v6Hr5CncVbK70SoioNQIq81nsaG86ev5hAidQvmOeETBqs7jm43K2F5/Ley3ytDtriImV6TpNiSg==}
    engines: {node: ^10 || ^12 || >=14}
    dependencies:
      nanoid: 3.3.2
      picocolors: 1.0.0
      source-map-js: 1.0.2

  /resolve/1.22.0:
    resolution: {integrity: sha512-Hhtrw0nLeSrFQ7phPp4OOcVjLPIeMnRlr5mcnVuMe7M/7eBn98A3hmFRLoFo3DLZkivSYwhRUJTyPyWAk56WLw==}
    hasBin: true
    dependencies:
      is-core-module: 2.8.1
      path-parse: 1.0.7
      supports-preserve-symlinks-flag: 1.0.0
    dev: true

  /rollup/2.60.2:
    resolution: {integrity: sha512-1Bgjpq61sPjgoZzuiDSGvbI1tD91giZABgjCQBKM5aYLnzjq52GoDuWVwT/cm/MCxCMPU8gqQvkj8doQ5C8Oqw==}
    engines: {node: '>=10.0.0'}
    hasBin: true
    optionalDependencies:
      fsevents: 2.3.2
    dev: true

  /source-map-js/1.0.2:
    resolution: {integrity: sha512-R0XvVJ9WusLiqTCEiGCmICCMplcCkIwwR11mOSD9CR5u+IXYdiseeEuXCVAjS54zqwkLcPNnmU4OeJ6tUrWhDw==}
    engines: {node: '>=0.10.0'}

  /source-map/0.6.1:
    resolution: {integrity: sha512-UjgapumWlbMhkBgzT7Ykc5YXUT46F0iKu8SGXq0bcwP5dz/h0Plj6enJqjz1Zbq2l5WaqYnrVbwWOWMyF3F47g==}
    engines: {node: '>=0.10.0'}

  /sourcemap-codec/1.4.8:
    resolution: {integrity: sha512-9NykojV5Uih4lgo5So5dtw+f0JgJX30KCNI8gwhz2J9A15wD0Ml6tjHKwf6fTSa6fAdVBdZeNOs9eJ71qCk8vA==}

  /supports-preserve-symlinks-flag/1.0.0:
    resolution: {integrity: sha512-ot0WnXS9fgdkgIcePe6RHNk1WA8+muPa6cSjeR3V8K27q9BB1rTE3R1p7Hv0z1ZyAc8s6Vvv8DIyWf681MAt0w==}
    engines: {node: '>= 0.4'}
    dev: true

  /to-fast-properties/2.0.0:
    resolution: {integrity: sha1-3F5pjL0HkmW8c+A3doGk5Og/YW4=}
    engines: {node: '>=4'}
    dev: true

  /typescript/4.6.3:
    resolution: {integrity: sha512-yNIatDa5iaofVozS/uQJEl3JRWLKKGJKh6Yaiv0GLGSuhpFJe7P3SbHZ8/yjAHRQwKRoA6YZqlfjXWmVzoVSMw==}
    engines: {node: '>=4.2.0'}
    hasBin: true
    dev: true

  /vite/2.9.4:
    resolution: {integrity: sha512-7pO6ruZMsyTpaPB7kGtW+yj15Ze5g+E4w4Ramk1sAJLIuI4uPd5sauqubmZNpq0Yc1vLVxoXRf2Uj+qWxk5aXw==}
    engines: {node: '>=12.2.0'}
    hasBin: true
    peerDependencies:
      less: '*'
      sass: '*'
      stylus: '*'
    peerDependenciesMeta:
      less:
        optional: true
      sass:
        optional: true
      stylus:
        optional: true
    dependencies:
      esbuild: 0.14.29
      postcss: 8.4.12
      resolve: 1.22.0
      rollup: 2.60.2
    optionalDependencies:
      fsevents: 2.3.2
    dev: true

  /vue-tsc/0.34.6_typescript@4.6.3:
    resolution: {integrity: sha512-rEr8/BrpSN2QmnTw6MuT0WJA/qx54xDqSXG6EBGt37fn7jLCrKYF37GW3xZCdktO0V53l1XF2ssBtmLL+OI2ww==}
    hasBin: true
    peerDependencies:
      typescript: '*'
    dependencies:
      '@volar/vue-typescript': 0.34.6
      typescript: 4.6.3
    dev: true

  /vue/3.2.32:
    resolution: {integrity: sha512-6L3jKZApF042OgbCkh+HcFeAkiYi3Lovi8wNhWqIK98Pi5efAMLZzRHgi91v+60oIRxdJsGS9sTMsb+yDpY8Eg==}
    dependencies:
      '@vue/compiler-dom': 3.2.32
      '@vue/compiler-sfc': 3.2.32
      '@vue/runtime-dom': 3.2.32
      '@vue/server-renderer': 3.2.32_vue@3.2.32
      '@vue/shared': 3.2.32
    dev: false
