lockfileVersion: 5.3

specifiers:
  '@types/benchmark': ^2.1.1
  '@types/glob': ^7.1.4
  '@vue/compiler-core': ^3.2.19
  benchmark: ^2.1.4
  glob: ^8.0.0
  microtime: ^3.0.0
  ts-node: 10.8.1
  typescript: 4.7.2

dependencies:
  '@types/benchmark': registry.npmmirror.com/@types/benchmark/2.1.1
  '@types/glob': registry.nlark.com/@types/glob/7.1.4
  '@vue/compiler-core': registry.npmmirror.com/@vue/compiler-core/3.2.19
  benchmark: registry.npmmirror.com/benchmark/2.1.4
  glob: 8.0.1
  microtime: registry.npmmirror.com/microtime/3.0.0

devDependencies:
  ts-node: 10.8.1_typescript@4.7.2
  typescript: 4.7.2

packages:

  /@babel/helper-validator-identifier/7.16.7:
    resolution: {integrity: sha512-hsEnFemeiW4D08A5gUAZxLBTXpZ39P+a+DGDsHw1yxqyQ/jzFEnxf5uTEGp+3bzAbNOxU1paTgYS4ECU/IgfDw==}
    engines: {node: '>=6.9.0'}
    dev: false

  /@babel/types/7.18.2:
    resolution: {integrity: sha512-0On6B8A4/+mFUto5WERt3EEuG1NznDirvwca1O8UwXQHVY8g3R7OzYgxXdOfMwLO08UrpUD/2+3Bclyq+/C94Q==}
    engines: {node: '>=6.9.0'}
    dependencies:
      '@babel/helper-validator-identifier': 7.16.7
      to-fast-properties: 2.0.0
    dev: false

  /@cspotcode/source-map-support/0.8.1:
    resolution: {integrity: sha512-IchNf6dN4tHoMFIn/7OE8LWZ19Y6q/67Bmf6vnGREv8RSbBVb9LPJxEcnwrcwX6ixSvaiGoomAUvu4YSxXrVgw==}
    engines: {node: '>=12'}
    dependencies:
      '@jridgewell/trace-mapping': 0.3.9
    dev: true

  /@jridgewell/resolve-uri/3.0.7:
    resolution: {integrity: sha512-8cXDaBBHOr2pQ7j77Y6Vp5VDT2sIqWyWQ56TjEq4ih/a4iST3dItRe8Q9fp0rrIl9DoKhWQtUQz/YpOxLkXbNA==}
    engines: {node: '>=6.0.0'}
    dev: true

  /@jridgewell/sourcemap-codec/1.4.13:
    resolution: {integrity: sha512-GryiOJmNcWbovBxTfZSF71V/mXbgcV3MewDe3kIMCLyIh5e7SKAeUZs+rMnJ8jkMolZ/4/VsdBmMrw3l+VdZ3w==}
    dev: true

  /@jridgewell/trace-mapping/0.3.9:
    resolution: {integrity: sha512-3Belt6tdc8bPgAtbcmdtNJlirVoTmEb5e2gC94PnkwEW9jI6CAHUeoG85tjWP5WquqfavoMtMwiG4P926ZKKuQ==}
    dependencies:
      '@jridgewell/resolve-uri': 3.0.7
      '@jridgewell/sourcemap-codec': 1.4.13
    dev: true

  /@tsconfig/node10/1.0.8:
    resolution: {integrity: sha512-6XFfSQmMgq0CFLY1MslA/CPUfhIL919M1rMsa5lP2P097N2Wd1sSX0tx1u4olM16fLNhtHZpRhedZJphNJqmZg==}
    dev: true

  /@tsconfig/node12/1.0.9:
    resolution: {integrity: sha512-/yBMcem+fbvhSREH+s14YJi18sp7J9jpuhYByADT2rypfajMZZN4WQ6zBGgBKp53NKmqI36wFYDb3yaMPurITw==}
    dev: true

  /@tsconfig/node14/1.0.1:
    resolution: {integrity: sha512-509r2+yARFfHHE7T6Puu2jjkoycftovhXRqW328PDXTVGKihlb1P8Z9mMZH04ebyajfRY7dedfGynlrFHJUQCg==}
    dev: true

  /@tsconfig/node16/1.0.2:
    resolution: {integrity: sha512-eZxlbI8GZscaGS7kkc/trHTT5xgrjH3/1n2JDwusC9iahPKWMRvRjJSAN5mCXviuTGQ/lHnhvv8Q1YTpnfz9gA==}
    dev: true

  /acorn-walk/8.2.0:
    resolution: {integrity: sha512-k+iyHEuPgSw6SbuDpGQM+06HQUa04DZ3o+F6CSzXMvvI5KMvnaEqXe+YVe555R9nn6GPt404fos4wcgpw12SDA==}
    engines: {node: '>=0.4.0'}
    dev: true

  /acorn/8.5.0:
    resolution: {integrity: sha512-yXbYeFy+jUuYd3/CDcg2NkIYE991XYX/bje7LmjJigUciaeO1JR4XxXgCIV1/Zc/dRuFEyw1L0pbA+qynJkW5Q==}
    engines: {node: '>=0.4.0'}
    hasBin: true
    dev: true

  /arg/4.1.3:
    resolution: {integrity: sha512-58S9QDqG0Xx27YwPSt9fJxivjYl432YCwfDMfZ+71RAqUrZef7LrKQZ3LHLOwCS4FLNBplP533Zx895SeOCHvA==}
    dev: true

  /balanced-match/1.0.2:
    resolution: {integrity: sha512-3oSeUO0TMV67hN1AmbXsK4yaqU7tjiHlbxRDZOpH0KW9+CeX4bRAaX0Anxt0tx2MrpRpWwQaPwIlISEJhYU5Pw==}
    dev: false

  /brace-expansion/2.0.1:
    resolution: {integrity: sha512-XnAIvQ8eM+kC6aULx6wuQiwVsnzsi9d3WxzV3FpWTGA19F621kwdbsAcFKXgKUHZWsy+mY6iL1sHTxWEFCytDA==}
    dependencies:
      balanced-match: 1.0.2
    dev: false

  /create-require/1.1.1:
    resolution: {integrity: sha512-dcKFX3jn0MpIaXjisoRvexIJVEKzaq7z2rZKxf+MSr9TkdmHmsU4m2lcLojrj/FHl8mk5VxMmYA+ftRkP/3oKQ==}
    dev: true

  /diff/4.0.2:
    resolution: {integrity: sha512-58lmxKSA4BNyLz+HHMUzlOEpg09FV+ev6ZMe3vJihgdxzgcwZ8VoEEPmALCZG9LmqfVoNMMKpttIYTVG6uDY7A==}
    engines: {node: '>=0.3.1'}
    dev: true

  /fs.realpath/1.0.0:
    resolution: {integrity: sha1-FQStJSMVjKpA20onh8sBQRmU6k8=}
    dev: false

  /glob/8.0.1:
    resolution: {integrity: sha512-cF7FYZZ47YzmCu7dDy50xSRRfO3ErRfrXuLZcNIuyiJEco0XSrGtuilG19L5xp3NcwTx7Gn+X6Tv3fmsUPTbow==}
    engines: {node: '>=12'}
    dependencies:
      fs.realpath: 1.0.0
      inflight: 1.0.6
      inherits: 2.0.4
      minimatch: 5.0.1
      once: 1.4.0
      path-is-absolute: 1.0.1
    dev: false

  /inflight/1.0.6:
    resolution: {integrity: sha1-Sb1jMdfQLQwJvJEKEHW6gWW1bfk=}
    dependencies:
      once: 1.4.0
      wrappy: 1.0.2
    dev: false

  /inherits/2.0.4:
    resolution: {integrity: sha512-k/vGaX4/Yla3WzyMCvTQOXYeIHvqOKtnqBduzTHpzpQZzAskKMhZ2K+EnBiSM9zGSoIFeMpXKxa4dYeZIQqewQ==}
    dev: false

  /make-error/1.3.6:
    resolution: {integrity: sha512-s8UhlNe7vPKomQhC1qFelMokr/Sc3AgNbso3n74mVPA5LTZwkB9NlXf4XPamLxJE8h0gh73rM94xvwRT2CVInw==}
    dev: true

  /minimatch/5.0.1:
    resolution: {integrity: sha512-nLDxIFRyhDblz3qMuq+SoRZED4+miJ/G+tdDrjkkkRnjAsBexeGpgjLEQ0blJy7rHhR2b93rhQY4SvyWu9v03g==}
    engines: {node: '>=10'}
    dependencies:
      brace-expansion: 2.0.1
    dev: false

  /once/1.4.0:
    resolution: {integrity: sha1-WDsap3WWHUsROsF9nFC6753Xa9E=}
    dependencies:
      wrappy: 1.0.2
    dev: false

  /path-is-absolute/1.0.1:
    resolution: {integrity: sha1-F0uSaHNVNP+8es5r9TpanhtcX18=}
    engines: {node: '>=0.10.0'}
    dev: false

  /to-fast-properties/2.0.0:
    resolution: {integrity: sha1-3F5pjL0HkmW8c+A3doGk5Og/YW4=}
    engines: {node: '>=4'}
    dev: false

  /ts-node/10.8.1_typescript@4.7.2:
    resolution: {integrity: sha512-Wwsnao4DQoJsN034wePSg5nZiw4YKXf56mPIAeD6wVmiv+RytNSWqc2f3fKvcUoV+Yn2+yocD71VOfQHbmVX4g==}
    hasBin: true
    peerDependencies:
      '@swc/core': '>=1.2.50'
      '@swc/wasm': '>=1.2.50'
      '@types/node': '*'
      typescript: '>=2.7'
    peerDependenciesMeta:
      '@swc/core':
        optional: true
      '@swc/wasm':
        optional: true
    dependencies:
      '@cspotcode/source-map-support': 0.8.1
      '@tsconfig/node10': 1.0.8
      '@tsconfig/node12': 1.0.9
      '@tsconfig/node14': 1.0.1
      '@tsconfig/node16': 1.0.2
      acorn: 8.5.0
      acorn-walk: 8.2.0
      arg: 4.1.3
      create-require: 1.1.1
      diff: 4.0.2
      make-error: 1.3.6
      typescript: 4.7.2
      v8-compile-cache-lib: 3.0.1
      yn: 3.1.1
    dev: true

  /typescript/4.7.2:
    resolution: {integrity: sha512-Mamb1iX2FDUpcTRzltPxgWMKy3fhg0TN378ylbktPGPK/99KbDtMQ4W1hwgsbPAsG3a0xKa1vmw4VKZQbkvz5A==}
    engines: {node: '>=4.2.0'}
    hasBin: true
    dev: true

  /v8-compile-cache-lib/3.0.1:
    resolution: {integrity: sha512-wa7YjyUGfNZngI/vtK0UHAN+lgDCxBPCylVXGp0zu59Fz5aiGtNXaq3DhIov063MorB+VfufLh3JlF2KdTK3xg==}
    dev: true

  /wrappy/1.0.2:
    resolution: {integrity: sha1-tSQ9jz7BqjXxNkYFvA0QNuMKtp8=}
    dev: false

  /yn/3.1.1:
    resolution: {integrity: sha512-Ux4ygGWsu2c7isFWe8Yu1YluJmqVhxqK2cLXNQA5AcC3QfbGNpM7fu0Y8b/z16pXLnFxZYvWhd3fhBY9DLmC6Q==}
    engines: {node: '>=6'}
    dev: true

  registry.nlark.com/@babel/parser/7.15.7:
    resolution: {integrity: sha1-DD7UousHsWXfqFs8xFxyczTE7a4=, registry: https://registry.npm.taobao.org/, tarball: https://registry.nlark.com/@babel/parser/download/@babel/parser-7.15.7.tgz}
    name: '@babel/parser'
    version: 7.15.7
    engines: {node: '>=6.0.0'}
    hasBin: true
    dependencies:
      '@babel/types': 7.18.2
    dev: false

  registry.nlark.com/@types/glob/7.1.4:
    resolution: {integrity: sha1-6lniHS7lxReRTLS8jkFTuZ5WZnI=, registry: https://registry.npm.taobao.org/, tarball: https://registry.nlark.com/@types/glob/download/@types/glob-7.1.4.tgz}
    name: '@types/glob'
    version: 7.1.4
    dependencies:
      '@types/minimatch': registry.nlark.com/@types/minimatch/3.0.5
      '@types/node': registry.npmmirror.com/@types/node/16.10.2
    dev: false

  registry.nlark.com/@types/minimatch/3.0.5:
    resolution: {integrity: sha1-EAHMXmo3BLg8I2An538vWOoBD0A=, registry: https://registry.npm.taobao.org/, tarball: https://registry.nlark.com/@types/minimatch/download/@types/minimatch-3.0.5.tgz}
    name: '@types/minimatch'
    version: 3.0.5
    dev: false

  registry.nlark.com/estree-walker/2.0.2:
    resolution: {integrity: sha1-UvAQF4wqTBF6d1fP6UKtt9LaTKw=, registry: https://registry.npm.taobao.org/, tarball: https://registry.nlark.com/estree-walker/download/estree-walker-2.0.2.tgz}
    name: estree-walker
    version: 2.0.2
    dev: false

  registry.nlark.com/lodash/4.17.21:
    resolution: {integrity: sha1-Z5WRxWTDv/quhFTPCz3zcMPWkRw=, registry: https://registry.npm.taobao.org/, tarball: https://registry.nlark.com/lodash/download/lodash-4.17.21.tgz}
    name: lodash
    version: 4.17.21
    dev: false

  registry.nlark.com/node-addon-api/1.7.2:
    resolution: {integrity: sha1-PfMLlXILU8JOWZSLSVMrZiRE9U0=, registry: https://registry.npm.taobao.org/, tarball: https://registry.nlark.com/node-addon-api/download/node-addon-api-1.7.2.tgz}
    name: node-addon-api
    version: 1.7.2
    dev: false

  registry.nlark.com/source-map/0.6.1:
    resolution: {integrity: sha1-dHIq8y6WFOnCh6jQu95IteLxomM=, registry: https://registry.npm.taobao.org/, tarball: https://registry.nlark.com/source-map/download/source-map-0.6.1.tgz}
    name: source-map
    version: 0.6.1
    engines: {node: '>=0.10.0'}
    dev: false

  registry.npmmirror.com/@types/benchmark/2.1.1:
    resolution: {integrity: sha1-12PfKXF9k6ozPrEfQh7zg6XfVnM=, registry: https://registry.npm.taobao.org/, tarball: https://registry.npmmirror.com/@types/benchmark/download/@types/benchmark-2.1.1.tgz}
    name: '@types/benchmark'
    version: 2.1.1
    dev: false

  registry.npmmirror.com/@types/node/16.10.2:
    resolution: {integrity: sha1-V2TKmqlEcK204Rhf4unxlFiZKy4=, registry: https://registry.npm.taobao.org/, tarball: https://registry.npmmirror.com/@types/node/download/@types/node-16.10.2.tgz}
    name: '@types/node'
    version: 16.10.2
    dev: false

  registry.npmmirror.com/@vue/compiler-core/3.2.19:
    resolution: {integrity: sha1-tTfdN3zlH9tk6bMOv7/3zXCmTLk=, registry: https://registry.npm.taobao.org/, tarball: https://registry.npmmirror.com/@vue/compiler-core/download/@vue/compiler-core-3.2.19.tgz}
    name: '@vue/compiler-core'
    version: 3.2.19
    dependencies:
      '@babel/parser': registry.nlark.com/@babel/parser/7.15.7
      '@vue/shared': registry.npmmirror.com/@vue/shared/3.2.19
      estree-walker: registry.nlark.com/estree-walker/2.0.2
      source-map: registry.nlark.com/source-map/0.6.1
    dev: false

  registry.npmmirror.com/@vue/shared/3.2.19:
    resolution: {integrity: sha1-ER7D2hgzfYYnREaYTEmSWxsrLdc=, registry: https://registry.npm.taobao.org/, tarball: https://registry.npmmirror.com/@vue/shared/download/@vue/shared-3.2.19.tgz}
    name: '@vue/shared'
    version: 3.2.19
    dev: false

  registry.npmmirror.com/benchmark/2.1.4:
    resolution: {integrity: sha1-CfPeMckWQl1JjMLuVloOvzwqVik=, registry: https://registry.npm.taobao.org/, tarball: https://registry.npmmirror.com/benchmark/download/benchmark-2.1.4.tgz}
    name: benchmark
    version: 2.1.4
    dependencies:
      lodash: registry.nlark.com/lodash/4.17.21
      platform: registry.npmmirror.com/platform/1.3.6
    dev: false

  registry.npmmirror.com/microtime/3.0.0:
    resolution: {integrity: sha1-0UCRS96Iqom0+f0qGGILQ1rw85s=, registry: https://registry.npm.taobao.org/, tarball: https://registry.npmmirror.com/microtime/download/microtime-3.0.0.tgz}
    name: microtime
    version: 3.0.0
    engines: {node: '>= 4.0.0'}
    requiresBuild: true
    dependencies:
      node-addon-api: registry.nlark.com/node-addon-api/1.7.2
      node-gyp-build: registry.npmmirror.com/node-gyp-build/3.9.0
    dev: false

  registry.npmmirror.com/node-gyp-build/3.9.0:
    resolution: {integrity: sha1-U6NQGH3U1SdnUNohYF0ctoHQniU=, registry: https://registry.npm.taobao.org/, tarball: https://registry.npmmirror.com/node-gyp-build/download/node-gyp-build-3.9.0.tgz}
    name: node-gyp-build
    version: 3.9.0
    hasBin: true
    dev: false

  registry.npmmirror.com/platform/1.3.6:
    resolution: {integrity: sha1-SLTOmDFksgnC1FoQetsx9HOm56c=, registry: https://registry.npm.taobao.org/, tarball: https://registry.npmmirror.com/platform/download/platform-1.3.6.tgz}
    name: platform
    version: 1.3.6
    dev: false
